
Microsoft Visual Studio Solution File, Format Version 12.00
# Visual Studio Version 17
VisualStudioVersion = 17.4.33213.308
MinimumVisualStudioVersion = 10.0.40219.1
Project("{FAE04EC0-301F-11D3-BF4B-00C04F79EFBC}") = "NovelerCompiler", "NovelerCompiler\NovelerCompiler.csproj", "{FA7B4559-A9E9-4C9D-9DE9-F82AE4B2EDF5}"
EndProject
Project("{FAE04EC0-301F-11D3-BF4B-00C04F79EFBC}") = "NovelerCompilerCli", "..\NovelerCompilerCli\NovelerCompilerCli.csproj", "{18B387E7-4DE1-4014-9D9A-7B285294E4B5}"
EndProject
Global
	GlobalSection(SolutionConfigurationPlatforms) = preSolution
		Debug|Any CPU = Debug|Any CPU
		Release|Any CPU = Release|Any CPU
	EndGlobalSection
	GlobalSection(ProjectConfigurationPlatforms) = postSolution
		{FA7B4559-A9E9-4C9D-9DE9-F82AE4B2EDF5}.Debug|Any CPU.ActiveCfg = Debug|Any CPU
		{FA7B4559-A9E9-4C9D-9DE9-F82AE4B2EDF5}.Debug|Any CPU.Build.0 = Debug|Any CPU
		{FA7B4559-A9E9-4C9D-9DE9-F82AE4B2EDF5}.Release|Any CPU.ActiveCfg = Release|Any CPU
		{FA7B4559-A9E9-4C9D-9DE9-F82AE4B2EDF5}.Release|Any CPU.Build.0 = Release|Any CPU
		{18B387E7-4DE1-4014-9D9A-7B285294E4B5}.Debug|Any CPU.ActiveCfg = Debug|Any CPU
		{18B387E7-4DE1-4014-9D9A-7B285294E4B5}.Debug|Any CPU.Build.0 = Debug|Any CPU
		{18B387E7-4DE1-4014-9D9A-7B285294E4B5}.Release|Any CPU.ActiveCfg = Release|Any CPU
		{18B387E7-4DE1-4014-9D9A-7B285294E4B5}.Release|Any CPU.Build.0 = Release|Any CPU
	EndGlobalSection
	GlobalSection(SolutionProperties) = preSolution
		HideSolutionNode = FALSE
	EndGlobalSection
	GlobalSection(ExtensibilityGlobals) = postSolution
		SolutionGuid = {14BED99C-A30E-4904-BA3C-6E18ECB1EB86}
	EndGlobalSection
EndGlobal
